PODS:
  - FBSnapshotTestCase (2.1.4):
    - FBSnapshotTestCase/SwiftSupport (= 2.1.4)
  - FBSnapshotTestCase/Core (2.1.4)
  - FBSnapshotTestCase/SwiftSupport (2.1.4):
    - FBSnapshotTestCase/Core
  - XYModuleB (0.1.0)

DEPENDENCIES:
  - FBSnapshotTestCase
  - XYModuleB (from `../`)

SPEC REPOS:
  trunk:
    - FBSnapshotTestCase

EXTERNAL SOURCES:
  XYModuleB:
    :path: "../"

SPEC CHECKSUMS:
  FBSnapshotTestCase: 094f9f314decbabe373b87cc339bea235a63e07a
  XYModuleB: 6e155d4fc97f1d906497704fab14b2c64b1fdeca

PODFILE CHECKSUM: f9d4d2e28134ddfcb8972ea934718452871122cc

COCOAPODS: 1.11.3
